// !$*UTF8*$!
{
	archiveVersion = 1;
	classes = {
	};
	objectVersion = 55;
	objects = {

/* Begin PBXBuildFile section */
		97193CD5271DBBEA00CC1BBE /* AppDelegate.swift in Sources */ = {isa = PBXBuildFile; fileRef = 97193CD4271DBBEA00CC1BBE /* AppDelegate.swift */; };
		97193CD7271DBBEA00CC1BBE /* SceneDelegate.swift in Sources */ = {isa = PBXBuildFile; fileRef = 97193CD6271DBBEA00CC1BBE /* SceneDelegate.swift */; };
		97193CDC271DBBEA00CC1BBE /* Main.storyboard in Resources */ = {isa = PBXBuildFile; fileRef = 97193CDA271DBBEA00CC1BBE /* Main.storyboard */; };
		97193CDE271DBBEE00CC1BBE /* Assets.xcassets in Resources */ = {isa = PBXBuildFile; fileRef = 97193CDD271DBBEE00CC1BBE /* Assets.xcassets */; };
		97193CE1271DBBEE00CC1BBE /* LaunchScreen.storyboard in Resources */ = {isa = PBXBuildFile; fileRef = 97193CDF271DBBEE00CC1BBE /* LaunchScreen.storyboard */; };
		97193CEB271DC67400CC1BBE /* PlacesListTBVC.swift in Sources */ = {isa = PBXBuildFile; fileRef = 97193CEA271DC67400CC1BBE /* PlacesListTBVC.swift */; };
/* End PBXBuildFile section */

/* Begin PBXFileReference section */
		97193CD1271DBBEA00CC1BBE /* PlacesList.app */ = {isa = PBXFileReference; explicitFileType = wrapper.application; includeInIndex = 0; path = PlacesList.app; sourceTree = BUILT_PRODUCTS_DIR; };
		97193CD4271DBBEA00CC1BBE /* AppDelegate.swift */ = {isa = PBXFileReference; lastKnownFileType = sourcecode.swift; path = AppDelegate.swift; sourceTree = "<group>"; };
		97193CD6271DBBEA00CC1BBE /* SceneDelegate.swift */ = {isa = PBXFileReference; lastKnownFileType = sourcecode.swift; path = SceneDelegate.swift; sourceTree = "<group>"; };
		97193CDB271DBBEA00CC1BBE /* Base */ = {isa = PBXFileReference; lastKnownFileType = file.storyboard; name = Base; path = Base.lproj/Main.storyboard; sourceTree = "<group>"; };
		97193CDD271DBBEE00CC1BBE /* Assets.xcassets */ = {isa = PBXFileReference; lastKnownFileType = folder.assetcatalog; path = Assets.xcassets; sourceTree = "<group>"; };
		97193CE0271DBBEE00CC1BBE /* Base */ = {isa = PBXFileReference; lastKnownFileType = file.storyboard; name = Base; path = Base.lproj/LaunchScreen.storyboard; sourceTree = "<group>"; };
		97193CE2271DBBEE00CC1BBE /* Info.plist */ = {isa = PBXFileReference; lastKnownFileType = text.plist.xml; path = Info.plist; sourceTree = "<group>"; };
		97193CEA271DC67400CC1BBE /* PlacesListTBVC.swift */ = {isa = PBXFileReference; lastKnownFileType = sourcecode.swift; path = PlacesListTBVC.swift; sourceTree = "<group>"; };
/* End PBXFileReference section */

/* Begin PBXFrameworksBuildPhase section */
		97193CCE271DBBEA00CC1BBE /* Frameworks */ = {
			isa = PBXFrameworksBuildPhase;
			buildActionMask = 2147483647;
			files = (
			);
			runOnlyForDeploymentPostprocessing = 0;
		};
/* End PBXFrameworksBuildPhase section */

/* Begin PBXGroup section */
		97193CC8271DBBEA00CC1BBE = {
			isa = PBXGroup;
			children = (
				97193CD3271DBBEA00CC1BBE /* PlacesList */,
				97193CD2271DBBEA00CC1BBE /* Products */,
			);
			sourceTree = "<group>";
		};
		97193CD2271DBBEA00CC1BBE /* Products */ = {
			isa = PBXGroup;
			children = (
				97193CD1271DBBEA00CC1BBE /* PlacesList.app */,
			);
			name = Products;
			sourceTree = "<group>";
		};
		97193CD3271DBBEA00CC1BBE /* PlacesList */ = {
			isa = PBXGroup;
			children = (
				97193CE8271DBC5900CC1BBE /* Resources */,
				97193CE9271DC62700CC1BBE /* ViewControllers */,
				97193CDA271DBBEA00CC1BBE /* Main.storyboard */,
				97193CDF271DBBEE00CC1BBE /* LaunchScreen.storyboard */,
			);
			path = PlacesList;
			sourceTree = "<group>";
		};
		97193CE8271DBC5900CC1BBE /* Resources */ = {
			isa = PBXGroup;
			children = (
				97193CD4271DBBEA00CC1BBE /* AppDelegate.swift */,
				97193CD6271DBBEA00CC1BBE /* SceneDelegate.swift */,
				97193CDD271DBBEE00CC1BBE /* Assets.xcassets */,
				97193CE2271DBBEE00CC1BBE /* Info.plist */,
			);
			path = Resources;
			sourceTree = "<group>";
		};
		97193CE9271DC62700CC1BBE /* ViewControllers */ = {
			isa = PBXGroup;
			children = (
				97193CEA271DC67400CC1BBE /* PlacesListTBVC.swift */,
			);
			path = ViewControllers;
			sourceTree = "<group>";
		};
/* End PBXGroup section */

/* Begin PBXNativeTarget section */
		97193CD0271DBBEA00CC1BBE /* PlacesList */ = {
			isa = PBXNativeTarget;
			buildConfigurationList = 97193CE5271DBBEE00CC1BBE /* Build configuration list for PBXNativeTarget "PlacesList" */;
			buildPhases = (
				97193CCD271DBBEA00CC1BBE /* Sources */,
				97193CCE271DBBEA00CC1BBE /* Frameworks */,
				97193CCF271DBBEA00CC1BBE /* Resources */,
			);
			buildRules = (
			);
			dependencies = (
			);
			name = PlacesList;
			productName = PlacesList;
			productReference = 97193CD1271DBBEA00CC1BBE /* PlacesList.app */;
			productType = "com.apple.product-type.application";
		};
/* End PBXNativeTarget section */

/* Begin PBXProject section */
		97193CC9271DBBEA00CC1BBE /* Project object */ = {
			isa = PBXProject;
			attributes = {
				BuildIndependentTargetsInParallel = 1;
				LastSwiftUpdateCheck = 1300;
				LastUpgradeCheck = 1300;
				TargetAttributes = {
					97193CD0271DBBEA00CC1BBE = {
						CreatedOnToolsVersion = 13.0;
					};
				};
			};
			buildConfigurationList = 97193CCC271DBBEA00CC1BBE /* Build configuration list for PBXProject "PlacesList" */;
			compatibilityVersion = "Xcode 13.0";
			developmentRegion = en;
			hasScannedForEncodings = 0;
			knownRegions = (
				en,
				Base,
			);
			mainGroup = 97193CC8271DBBEA00CC1BBE;
			productRefGroup = 97193CD2271DBBEA00CC1BBE /* Products */;
			projectDirPath = "";
			projectRoot = "";
			targets = (
				97193CD0271DBBEA00CC1BBE /* PlacesList */,
			);
		};
/* End PBXProject section */

/* Begin PBXResourcesBuildPhase section */
		97193CCF271DBBEA00CC1BBE /* Resources */ = {
			isa = PBXResourcesBuildPhase;
			buildActionMask = 2147483647;
			files = (
				97193CE1271DBBEE00CC1BBE /* LaunchScreen.storyboard in Resources */,
				97193CDE271DBBEE00CC1BBE /* Assets.xcassets in Resources */,
				97193CDC271DBBEA00CC1BBE /* Main.storyboard in Resources */,
			);
			runOnlyForDeploymentPostprocessing = 0;
		};
/* End PBXResourcesBuildPhase section */

/* Begin PBXSourcesBuildPhase section */
		97193CCD271DBBEA00CC1BBE /* Sources */ = {
			isa = PBXSourcesBuildPhase;
			buildActionMask = 2147483647;
			files = (
				97193CD5271DBBEA00CC1BBE /* AppDelegate.swift in Sources */,
				97193CD7271DBBEA00CC1BBE /* SceneDelegate.swift in Sources */,
				97193CEB271DC67400CC1BBE /* PlacesListTBVC.swift in Sources */,
			);
			runOnlyForDeploymentPostprocessing = 0;
		};
/* End PBXSourcesBuildPhase section */

/* Begin PBXVariantGroup section */
		97193CDA271DBBEA00CC1BBE /* Main.storyboard */ = {
			isa = PBXVariantGroup;
			children = (
				97193CDB271DBBEA00CC1BBE /* Base */,
			);
			name = Main.storyboard;
			sourceTree = "<group>";
		};
		97193CDF271DBBEE00CC1BBE /* LaunchScreen.storyboard */ = {
			isa = PBXVariantGroup;
			children = (
				97193CE0271DBBEE00CC1BBE /* Base */,
			);
			name = LaunchScreen.storyboard;
			sourceTree = "<group>";
		};
/* End PBXVariantGroup section */

/* Begin XCBuildConfiguration section */
		97193CE3271DBBEE00CC1BBE /* Debug */ = {
			isa = XCBuildConfiguration;
			buildSettings = {
				ALWAYS_SEARCH_USER_PATHS = NO;
				CLANG_ANALYZER_NONNULL = YES;
				CLANG_ANALYZER_NUMBER_OBJECT_CONVERSION = YES_AGGRESSIVE;
				CLANG_CXX_LANGUAGE_STANDARD = "gnu++17";
				CLANG_CXX_LIBRARY = "libc++";
				CLANG_ENABLE_MODULES = YES;
				CLANG_ENABLE_OBJC_ARC = YES;
				CLANG_ENABLE_OBJC_WEAK = YES;
				CLANG_WARN_BLOCK_CAPTURE_AUTORELEASING = YES;
				CLANG_WARN_BOOL_CONVERSION = YES;
				CLANG_WARN_COMMA = YES;
				CLANG_WARN_CONSTANT_CONVERSION = YES;
				CLANG_WARN_DEPRECATED_OBJC_IMPLEMENTATIONS = YES;
				CLANG_WARN_DIRECT_OBJC_ISA_USAGE = YES_ERROR;
				CLANG_WARN_DOCUMENTATION_COMMENTS = YES;
				CLANG_WARN_EMPTY_BODY = YES;
				CLANG_WARN_ENUM_CONVERSION = YES;
				CLANG_WARN_INFINITE_RECURSION = YES;
				CLANG_WARN_INT_CONVERSION = YES;
				CLANG_WARN_NON_LITERAL_NULL_CONVERSION = YES;
				CLANG_WARN_OBJC_IMPLICIT_RETAIN_SELF = YES;
				CLANG_WARN_OBJC_LITERAL_CONVERSION = YES;
				CLANG_WARN_OBJC_ROOT_CLASS = YES_ERROR;
				CLANG_WARN_QUOTED_INCLUDE_IN_FRAMEWORK_HEADER = YES;
				CLANG_WARN_RANGE_LOOP_ANALYSIS = YES;
				CLANG_WARN_STRICT_PROTOTYPES = YES;
				CLANG_WARN_SUSPICIOUS_MOVE = YES;
				CLANG_WARN_UNGUARDED_AVAILABILITY = YES_AGGRESSIVE;
				CLANG_WARN_UNREACHABLE_CODE = YES;
				CLANG_WARN__DUPLICATE_METHOD_MATCH = YES;
				COPY_PHASE_STRIP = NO;
				DEBUG_INFORMATION_FORMAT = dwarf;
				ENABLE_STRICT_OBJC_MSGSEND = YES;
				ENABLE_TESTABILITY = YES;
				GCC_C_LANGUAGE_STANDARD = gnu11;
				GCC_DYNAMIC_NO_PIC = NO;
				GCC_NO_COMMON_BLOCKS = YES;
				GCC_OPTIMIZATION_LEVEL = 0;
				GCC_PREPROCESSOR_DEFINITIONS = (
					"DEBUG=1",
					"$(inherited)",
				);
				GCC_WARN_64_TO_32_BIT_CONVERSION = YES;
				GCC_WARN_ABOUT_RETURN_TYPE = YES_ERROR;
				GCC_WARN_UNDECLARED_SELECTOR = YES;
				GCC_WARN_UNINITIALIZED_AUTOS = YES_AGGRESSIVE;
				GCC_WARN_UNUSED_FUNCTION = YES;
				GCC_WARN_UNUSED_VARIABLE = YES;
				IPHONEOS_DEPLOYMENT_TARGET = 15.0;
				MTL_ENABLE_DEBUG_INFO = INCLUDE_SOURCE;
				MTL_FAST_MATH = YES;
				ONLY_ACTIVE_ARCH = YES;
				SDKROOT = iphoneos;
				SWIFT_ACTIVE_COMPILATION_CONDITIONS = DEBUG;
				SWIFT_OPTIMIZATION_LEVEL = "-Onone";
			};
			name = Debug;
		};
		97193CE4271DBBEE00CC1BBE /* Release */ = {
			isa = XCBuildConfiguration;
			buildSettings = {
				ALWAYS_SEARCH_USER_PATHS = NO;
				CLANG_ANALYZER_NONNULL = YES;
				CLANG_ANALYZER_NUMBER_OBJECT_CONVERSION = YES_AGGRESSIVE;
				CLANG_CXX_LANGUAGE_STANDARD = "gnu++17";
				CLANG_CXX_LIBRARY = "libc++";
				CLANG_ENABLE_MODULES = YES;
				CLANG_ENABLE_OBJC_ARC = YES;
				CLANG_ENABLE_OBJC_WEAK = YES;
				CLANG_WARN_BLOCK_CAPTURE_AUTORELEASING = YES;
				CLANG_WARN_BOOL_CONVERSION = YES;
				CLANG_WARN_COMMA = YES;
				CLANG_WARN_CONSTANT_CONVERSION = YES;
				CLANG_WARN_DEPRECATED_OBJC_IMPLEMENTATIONS = YES;
				CLANG_WARN_DIRECT_OBJC_ISA_USAGE = YES_ERROR;
				CLANG_WARN_DOCUMENTATION_COMMENTS = YES;
				CLANG_WARN_EMPTY_BODY = YES;
				CLANG_WARN_ENUM_CONVERSION = YES;
				CLANG_WARN_INFINITE_RECURSION = YES;
				CLANG_WARN_INT_CONVERSION = YES;
				CLANG_WARN_NON_LITERAL_NULL_CONVERSION = YES;
				CLANG_WARN_OBJC_IMPLICIT_RETAIN_SELF = YES;
				CLANG_WARN_OBJC_LITERAL_CONVERSION = YES;
				CLANG_WARN_OBJC_ROOT_CLASS = YES_ERROR;
				CLANG_WARN_QUOTED_INCLUDE_IN_FRAMEWORK_HEADER = YES;
				CLANG_WARN_RANGE_LOOP_ANALYSIS = YES;
				CLANG_WARN_STRICT_PROTOTYPES = YES;
				CLANG_WARN_SUSPICIOUS_MOVE = YES;
				CLANG_WARN_UNGUARDED_AVAILABILITY = YES_AGGRESSIVE;
				CLANG_WARN_UNREACHABLE_CODE = YES;
				CLANG_WARN__DUPLICATE_METHOD_MATCH = YES;
				COPY_PHASE_STRIP = NO;
				DEBUG_INFORMATION_FORMAT = "dwarf-with-dsym";
				ENABLE_NS_ASSERTIONS = NO;
				ENABLE_STRICT_OBJC_MSGSEND = YES;
				GCC_C_LANGUAGE_STANDARD = gnu11;
				GCC_NO_COMMON_BLOCKS = YES;
				GCC_WARN_64_TO_32_BIT_CONVERSION = YES;
				GCC_WARN_ABOUT_RETURN_TYPE = YES_ERROR;
				GCC_WARN_UNDECLARED_SELECTOR = YES;
				GCC_WARN_UNINITIALIZED_AUTOS = YES_AGGRESSIVE;
				GCC_WARN_UNUSED_FUNCTION = YES;
				GCC_WARN_UNUSED_VARIABLE = YES;
				IPHONEOS_DEPLOYMENT_TARGET = 15.0;
				MTL_ENABLE_DEBUG_INFO = NO;
				MTL_FAST_MATH = YES;
				SDKROOT = iphoneos;
				SWIFT_COMPILATION_MODE = wholemodule;
				SWIFT_OPTIMIZATION_LEVEL = "-O";
				VALIDATE_PRODUCT = YES;
			};
			name = Release;
		};
		97193CE6271DBBEE00CC1BBE /* Debug */ = {
			isa = XCBuildConfiguration;
			buildSettings = {
				ASSETCATALOG_COMPILER_APPICON_NAME = AppIcon;
				ASSETCATALOG_COMPILER_GLOBAL_ACCENT_COLOR_NAME = AccentColor;
				CODE_SIGN_STYLE = Automatic;
				CURRENT_PROJECT_VERSION = 1;
				DEVELOPMENT_TEAM = 67729QDLYV;
				GENERATE_INFOPLIST_FILE = YES;
				INFOPLIST_FILE = PlacesList/Resources/Info.plist;
				INFOPLIST_KEY_UIApplicationSupportsIndirectInputEvents = YES;
				INFOPLIST_KEY_UILaunchStoryboardName = LaunchScreen;
				INFOPLIST_KEY_UIMainStoryboardFile = Main;
				INFOPLIST_KEY_UISupportedInterfaceOrientations_iPad = "UIInterfaceOrientationPortrait UIInterfaceOrientationPortraitUpsideDown UIInterfaceOrientationLandscapeLeft UIInterfaceOrientationLandscapeRight";
				INFOPLIST_KEY_UISupportedInterfaceOrientations_iPhone = "UIInterfaceOrientationPortrait UIInterfaceOrientationLandscapeLeft UIInterfaceOrientationLandscapeRight";
				LD_RUNPATH_SEARCH_PATHS = (
					"$(inherited)",
					"@executable_path/Frameworks",
				);
				MARKETING_VERSION = 1.0;
				PRODUCT_BUNDLE_IDENTIFIER = "com.anne-hanw.PlacesList";
				PRODUCT_NAME = "$(TARGET_NAME)";
				SWIFT_EMIT_LOC_STRINGS = YES;
				SWIFT_VERSION = 5.0;
				TARGETED_DEVICE_FAMILY = "1,2";
			};
			name = Debug;
		};
		97193CE7271DBBEE00CC1BBE /* Release */ = {
			isa = XCBuildConfiguration;
			buildSettings = {
				ASSETCATALOG_COMPILER_APPICON_NAME = AppIcon;
				ASSETCATALOG_COMPILER_GLOBAL_ACCENT_COLOR_NAME = AccentColor;
				CODE_SIGN_STYLE = Automatic;
				CURRENT_PROJECT_VERSION = 1;
				DEVELOPMENT_TEAM = 67729QDLYV;
				GENERATE_INFOPLIST_FILE = YES;
				INFOPLIST_FILE = PlacesList/Resources/Info.plist;
				INFOPLIST_KEY_UIApplicationSupportsIndirectInputEvents = YES;
				INFOPLIST_KEY_UILaunchStoryboardName = LaunchScreen;
				INFOPLIST_KEY_UIMainStoryboardFile = Main;
				INFOPLIST_KEY_UISupportedInterfaceOrientations_iPad = "UIInterfaceOrientationPortrait UIInterfaceOrientationPortraitUpsideDown UIInterfaceOrientationLandscapeLeft UIInterfaceOrientationLandscapeRight";
				INFOPLIST_KEY_UISupportedInterfaceOrientations_iPhone = "UIInterfaceOrientationPortrait UIInterfaceOrientationLandscapeLeft UIInterfaceOrientationLandscapeRight";
				LD_RUNPATH_SEARCH_PATHS = (
					"$(inherited)",
					"@executable_path/Frameworks",
				);
				MARKETING_VERSION = 1.0;
				PRODUCT_BUNDLE_IDENTIFIER = "com.anne-hanw.PlacesList";
				PRODUCT_NAME = "$(TARGET_NAME)";
				SWIFT_EMIT_LOC_STRINGS = YES;
				SWIFT_VERSION = 5.0;
				TARGETED_DEVICE_FAMILY = "1,2";
			};
			name = Release;
		};
/* End XCBuildConfiguration section */

/* Begin XCConfigurationList section */
		97193CCC271DBBEA00CC1BBE /* Build configuration list for PBXProject "PlacesList" */ = {
			isa = XCConfigurationList;
			buildConfigurations = (
				97193CE3271DBBEE00CC1BBE /* Debug */,
				97193CE4271DBBEE00CC1BBE /* Release */,
			);
			defaultConfigurationIsVisible = 0;
			defaultConfigurationName = Release;
		};
		97193CE5271DBBEE00CC1BBE /* Build configuration list for PBXNativeTarget "PlacesList" */ = {
			isa = XCConfigurationList;
			buildConfigurations = (
				97193CE6271DBBEE00CC1BBE /* Debug */,
				97193CE7271DBBEE00CC1BBE /* Release */,
			);
			defaultConfigurationIsVisible = 0;
			defaultConfigurationName = Release;
		};
/* End XCConfigurationList section */
	};
	rootObject = 97193CC9271DBBEA00CC1BBE /* Project object */;
}
